
Microsoft Visual Studio Solution File, Format Version 12.00
# Visual Studio Version 16
VisualStudioVersion = 16.0.31624.102
MinimumVisualStudioVersion = 10.0.40219.1
Project("{FAE04EC0-301F-11D3-BF4B-00C04F79EFBC}") = "Tutoria", "Tutoria\Tutoria.csproj", "{1D10ECE9-3636-45F7-8939-4005E2E262AB}"
EndProject
Project("{FAE04EC0-301F-11D3-BF4B-00C04F79EFBC}") = "Dominio", "Dominio\Dominio.csproj", "{C326F496-2F89-4A80-9939-FD73B6A7B4BE}"
EndProject
Project("{FAE04EC0-301F-11D3-BF4B-00C04F79EFBC}") = "Datos", "Datos\Datos.csproj", "{26EA7062-9DBF-42C6-B6A2-7E4CC138EC26}"
EndProject
Project("{FAE04EC0-301F-11D3-BF4B-00C04F79EFBC}") = "UsuarioCache", "UsuarioCache\UsuarioCache.csproj", "{D4AE8623-E447-4778-8052-4F4D8AED7B6F}"
EndProject
Global
	GlobalSection(SolutionConfigurationPlatforms) = preSolution
		Debug|Any CPU = Debug|Any CPU
		Release|Any CPU = Release|Any CPU
	EndGlobalSection
	GlobalSection(ProjectConfigurationPlatforms) = postSolution
		{1D10ECE9-3636-45F7-8939-4005E2E262AB}.Debug|Any CPU.ActiveCfg = Debug|Any CPU
		{1D10ECE9-3636-45F7-8939-4005E2E262AB}.Debug|Any CPU.Build.0 = Debug|Any CPU
		{1D10ECE9-3636-45F7-8939-4005E2E262AB}.Release|Any CPU.ActiveCfg = Release|Any CPU
		{1D10ECE9-3636-45F7-8939-4005E2E262AB}.Release|Any CPU.Build.0 = Release|Any CPU
		{C326F496-2F89-4A80-9939-FD73B6A7B4BE}.Debug|Any CPU.ActiveCfg = Debug|Any CPU
		{C326F496-2F89-4A80-9939-FD73B6A7B4BE}.Debug|Any CPU.Build.0 = Debug|Any CPU
		{C326F496-2F89-4A80-9939-FD73B6A7B4BE}.Release|Any CPU.ActiveCfg = Release|Any CPU
		{C326F496-2F89-4A80-9939-FD73B6A7B4BE}.Release|Any CPU.Build.0 = Release|Any CPU
		{26EA7062-9DBF-42C6-B6A2-7E4CC138EC26}.Debug|Any CPU.ActiveCfg = Debug|Any CPU
		{26EA7062-9DBF-42C6-B6A2-7E4CC138EC26}.Debug|Any CPU.Build.0 = Debug|Any CPU
		{26EA7062-9DBF-42C6-B6A2-7E4CC138EC26}.Release|Any CPU.ActiveCfg = Release|Any CPU
		{26EA7062-9DBF-42C6-B6A2-7E4CC138EC26}.Release|Any CPU.Build.0 = Release|Any CPU
		{D4AE8623-E447-4778-8052-4F4D8AED7B6F}.Debug|Any CPU.ActiveCfg = Debug|Any CPU
		{D4AE8623-E447-4778-8052-4F4D8AED7B6F}.Debug|Any CPU.Build.0 = Debug|Any CPU
		{D4AE8623-E447-4778-8052-4F4D8AED7B6F}.Release|Any CPU.ActiveCfg = Release|Any CPU
		{D4AE8623-E447-4778-8052-4F4D8AED7B6F}.Release|Any CPU.Build.0 = Release|Any CPU
	EndGlobalSection
	GlobalSection(SolutionProperties) = preSolution
		HideSolutionNode = FALSE
	EndGlobalSection
	GlobalSection(ExtensibilityGlobals) = postSolution
		SolutionGuid = {60F6E62E-4FDF-48A8-AD69-FFAFDAD260DF}
	EndGlobalSection
EndGlobal
